<?xml version="1.0" encoding="utf-8"?>
<Project ToolsVersion="4.0" xmlns="http://schemas.microsoft.com/developer/msbuild/2003">
  <ItemGroup>
    <Filter Include="Header Files">
      <UniqueIdentifier>{c99fbe70-0e15-4c20-a20d-e4bc9d4a82e2}</UniqueIdentifier>
      <Extensions>h;hpp;hxx;hm;inl;inc;xsd</Extensions>
    </Filter>
    <Filter Include="Source Files">
      <UniqueIdentifier>{9fe008c9-f1d8-45f5-bbee-27b93dd59d50}</UniqueIdentifier>
      <Extensions>cpp;c;cc;cxx;def;odl;idl;hpj;bat;asm;asmx</Extensions>
    </Filter>
  </ItemGroup>
  <ItemGroup>
    <ClCompile Include="..\libass\libass\ass.c">
      <Filter>Source Files</Filter>
    </ClCompile>
    <ClCompile Include="..\libass\libass\ass_library.c">
      <Filter>Source Files</Filter>
    </ClCompile>
    <ClCompile Include="..\libass\libass\libass_glue.c">
      <Filter>Source Files</Filter>
    </ClCompile>
    <ClCompile Include="..\libass\libass\ass_strtod.c">
      <Filter>Source Files</Filter>
    </ClCompile>
  </ItemGroup>
  <ItemGroup>
    <ClInclude Include="..\libass\libass\ass.h">
      <Filter>Header Files</Filter>
    </ClInclude>
    <ClInclude Include="..\libass\libass\ass_library.h">
      <Filter>Header Files</Filter>
    </ClInclude>
  </ItemGroup>
</Project>